
Microsoft Visual Studio Solution File, Format Version 12.00
# Visual Studio 15
VisualStudioVersion = 15.0.28010.2041
MinimumVisualStudioVersion = 10.0.40219.1
Project("{9A19103F-16F7-4668-BE54-9A1E7A4F7556}") = "DatingApp.API", "DatingApp.API.csproj", "{3124CDBC-B7BC-427D-BDA1-41181569FC1F}"
EndProject
Global
	GlobalSection(SolutionConfigurationPlatforms) = preSolution
		Debug|Any CPU = Debug|Any CPU
		Release|Any CPU = Release|Any CPU
	EndGlobalSection
	GlobalSection(ProjectConfigurationPlatforms) = postSolution
		{3124CDBC-B7BC-427D-BDA1-41181569FC1F}.Debug|Any CPU.ActiveCfg = Debug|Any CPU
		{3124CDBC-B7BC-427D-BDA1-41181569FC1F}.Debug|Any CPU.Build.0 = Debug|Any CPU
		{3124CDBC-B7BC-427D-BDA1-41181569FC1F}.Release|Any CPU.ActiveCfg = Release|Any CPU
		{3124CDBC-B7BC-427D-BDA1-41181569FC1F}.Release|Any CPU.Build.0 = Release|Any CPU
	EndGlobalSection
	GlobalSection(SolutionProperties) = preSolution
		HideSolutionNode = FALSE
	EndGlobalSection
	GlobalSection(ExtensibilityGlobals) = postSolution
		SolutionGuid = {4E2B0F64-9AAD-4D4F-B0B1-03579046C96B}
	EndGlobalSection
EndGlobal
